<?xml version="1.0" encoding="UTF-8" standalone="yes" ?>
<CodeBlocks_project_file>
<FileVersion major="1" minor="6" />
<Project>

<Option title="vendetta" />
<Option makefile_is_custom="1" />
<Option execution_dir="." />
<Build>
	<Target title="all">
		<Option output="../vendetta" prefix_auto="1" extension_auto="1" />
		<Option working_dir=".." />
		<Option object_output="." />
		<Option type="0" />
	</Target>
</Build>
<Unit filename="LICENCE" />
<Unit filename="Makefile" />
<Unit filename="ai.c" />
<Unit filename="ai.h" />
<Unit filename="assets.c" />
<Unit filename="assets.h" />
<Unit filename="file.c" />
<Unit filename="file.h" />
<Unit filename="game.c" />
<Unit filename="game.h" />
<Unit filename="graphics.c" />
<Unit filename="graphics.h" />
<Unit filename="header" />
<Unit filename="main.c" />
<Unit filename="math.h" />
<Unit filename="mem.c" />
<Unit filename="mem.h" />
<Unit filename="menu.c" />
<Unit filename="menu.h" />
<Unit filename="overlay/build.c" />
<Unit filename="overlay/build.h" />
<Unit filename="overlay/overlay.c" />
<Unit filename="overlay/overlay.h" />
<Unit filename="overlay/subwindow.c" />
<Unit filename="overlay/subwindow.h" />
<Unit filename="overlay/swbuilding.c" />
<Unit filename="overlay/swbuilding.h" />
<Unit filename="overlay/swequipment.c" />
<Unit filename="overlay/swequipment.h" />
<Unit filename="overlay/switems.c" />
<Unit filename="overlay/switems.h" />
<Unit filename="overlay/swmaterials.c" />
<Unit filename="overlay/swmaterials.h" />
<Unit filename="overlay/swskills.c" />
<Unit filename="overlay/swskills.h" />
<Unit filename="rand.h" />
<Unit filename="settings.h" />
<Unit filename="string.c" />
<Unit filename="string.h" />
<Unit filename="universe/building.c" />
<Unit filename="universe/building.h" />
<Unit filename="universe/category.c" />
<Unit filename="universe/category.h" />
<Unit filename="universe/character.c" />
<Unit filename="universe/character.h" />
<Unit filename="universe/effect.c" />
<Unit filename="universe/effect.h" />
<Unit filename="universe/equipment.c" />
<Unit filename="universe/equipment.h" />
<Unit filename="universe/event.c" />
<Unit filename="universe/event.h" />
<Unit filename="universe/ini.c" />
<Unit filename="universe/ini.h" />
<Unit filename="universe/item.c" />
<Unit filename="universe/item.h" />
<Unit filename="universe/material.c" />
<Unit filename="universe/material.h" />
<Unit filename="universe/mine.c" />
<Unit filename="universe/mine.h" />
<Unit filename="universe/projectile.c" />
<Unit filename="universe/projectile.h" />
<Unit filename="universe/skill.c" />
<Unit filename="universe/skill.h" />
<Unit filename="universe/status.c" />
<Unit filename="universe/status.h" />
<Unit filename="universe/transform.c" />
<Unit filename="universe/transform.h" />
<Unit filename="universe/universe.c" />
<Unit filename="universe/universe.h" />
<Unit filename="vendetta.cbp" />
<Unit filename="version.h" />
<Unit filename="voronoi/binbeach.c" />
<Unit filename="voronoi/binbeach.h" />
<Unit filename="voronoi/geometry.c" />
<Unit filename="voronoi/geometry.h" />
<Unit filename="voronoi/heap.c" />
<Unit filename="voronoi/heap.h" />
<Unit filename="voronoi/lloyd.c" />
<Unit filename="voronoi/lloyd.h" />
<Unit filename="voronoi/qsort_r.c" />
<Unit filename="voronoi/qsort_r.h" />
<Unit filename="voronoi/utils.h" />
<Unit filename="voronoi/voronoi.c" />
<Unit filename="voronoi/voronoi.h" />
<Unit filename="widgets.c" />
<Unit filename="widgets.h" />
<Unit filename="world/building.c" />
<Unit filename="world/building.h" />
<Unit filename="world/character.c" />
<Unit filename="world/character.h" />
<Unit filename="world/character_round.c" />
<Unit filename="world/chunk.c" />
<Unit filename="world/chunk.h" />
<Unit filename="world/draw.c" />
<Unit filename="world/draw.h" />
<Unit filename="world/event.c" />
<Unit filename="world/event.h" />
<Unit filename="world/inventory.c" />
<Unit filename="world/inventory.h" />
<Unit filename="world/mine.c" />
<Unit filename="world/mine.h" />
<Unit filename="world/object.c" />
<Unit filename="world/object.h" />
<Unit filename="world/pool.c" />
<Unit filename="world/pool.h" />
<Unit filename="world/projectile.c" />
<Unit filename="world/projectile.h" />
<Unit filename="world/skill.h" />
<Unit filename="world/status.h" />
<Unit filename="world/world.c" />
<Unit filename="world/world.h" />
<Unit filename="world/world_gen.c" />
<Unit filename="world/world_save.c" />

</Project>
</CodeBlocks_project_file>
