<?xml version="1.0" encoding="UTF-8" standalone="yes" ?>
<CodeBlocks_project_file>
<FileVersion major="1" minor="6" />
<Project>

<Option title="vendetta" />
<Option makefile_is_custom="1" />
<Option execution_dir="." />
<Build>
	<Target title="all">
		<Option output="../vendetta" prefix_auto="1" extension_auto="1" />
		<Option working_dir=".." />
		<Option object_output="." />
		<Option type="0" />
	</Target>
</Build>
<Unit filename=".gitignore" />
<Unit filename="data/DejaVuSans.ttf" />
<Unit filename="data/bots/Alchimiste.ia" />
<Unit filename="data/bots/Arbaletrier" />
<Unit filename="offensif.ia" />
<Unit filename="data/bots/Archer.ia" />
<Unit filename="data/bots/Armurier.ia" />
<Unit filename="data/bots/Artilleur.ia" />
<Unit filename="data/bots/Artisan.ia" />
<Unit filename="data/bots/Assassin" />
<Unit filename="offensif.ia" />
<Unit filename="data/bots/Barbare" />
<Unit filename="offensif.ia" />
<Unit filename="data/bots/Berger.ia" />
<Unit filename="data/bots/Bijoutier.ia" />
<Unit filename="data/bots/Boucher.ia" />
<Unit filename="data/bots/Boulanger.ia" />
<Unit filename="data/bots/Brise-mur" />
<Unit filename="offensif.ia" />
<Unit filename="data/bots/Bucheron.ia" />
<Unit filename="data/bots/Cavalier.ia" />
<Unit filename="data/bots/Chevalier" />
<Unit filename="de" />
<Unit filename="l'ordre.ia" />
<Unit filename="data/bots/Chevalier" />
<Unit filename="du" />
<Unit filename="chaos.ia" />
<Unit filename="data/bots/Chevalier" />
<Unit filename="offensif.ia" />
<Unit filename="data/bots/Cidrier.ia" />
<Unit filename="data/bots/Clerc.ia" />
<Unit filename="data/bots/Commandant" />
<Unit filename="offensif.ia" />
<Unit filename="data/bots/Cordonnier.ia" />
<Unit filename="data/bots/Defenseur.ia" />
<Unit filename="data/bots/Elementaliste" />
<Unit filename="offensif.ia" />
<Unit filename="data/bots/Eleveur.ia" />
<Unit filename="data/bots/Etheraliste.ia" />
<Unit filename="data/bots/Fermier" />
<Unit filename="d'orge.ia" />
<Unit filename="data/bots/Fermier" />
<Unit filename="de" />
<Unit filename="ble.ia" />
<Unit filename="data/bots/Fondeur" />
<Unit filename="d'acier.ia" />
<Unit filename="data/bots/Fondeur" />
<Unit filename="d'or.ia" />
<Unit filename="data/bots/Fondeur" />
<Unit filename="de" />
<Unit filename="fer.ia" />
<Unit filename="data/bots/Forgeron.ia" />
<Unit filename="data/bots/Gantier.ia" />
<Unit filename="data/bots/Guerisseur.ia" />
<Unit filename="data/bots/Inquisiteur" />
<Unit filename="offensif.ia" />
<Unit filename="data/bots/Magicien" />
<Unit filename="offensif.ia" />
<Unit filename="data/bots/Magicien.ia" />
<Unit filename="data/bots/Mercenaire.ia" />
<Unit filename="data/bots/Milicien.ia" />
<Unit filename="data/bots/Mineur.ia" />
<Unit filename="data/bots/Necromancien" />
<Unit filename="offensif.ia" />
<Unit filename="data/bots/Necromancien.ia" />
<Unit filename="data/bots/Paladin" />
<Unit filename="offensif.ia" />
<Unit filename="data/bots/Papetier.ia" />
<Unit filename="data/bots/Parcheminier.ia" />
<Unit filename="data/bots/Porte-bouclier.ia" />
<Unit filename="data/bots/Pretre.ia" />
<Unit filename="data/bots/Pyromage.ia" />
<Unit filename="data/bots/Tailleur.ia" />
<Unit filename="data/bots/Tanneur.ia" />
<Unit filename="data/bots/Tavernier.ia" />
<Unit filename="data/bots/Tecto-mage.ia" />
<Unit filename="data/buildings.png" />
<Unit filename="data/buildings/Acierie.png" />
<Unit filename="data/buildings/Archerie.png" />
<Unit filename="data/buildings/Armurerie" />
<Unit filename="imperiale.png" />
<Unit filename="data/buildings/Armurerie.png" />
<Unit filename="data/buildings/Arsenal.png" />
<Unit filename="data/buildings/Atelier" />
<Unit filename="tectonique.png" />
<Unit filename="data/buildings/Atelier.png" />
<Unit filename="data/buildings/Baraquement.png" />
<Unit filename="data/buildings/Bergerie.png" />
<Unit filename="data/buildings/Bijouterie.png" />
<Unit filename="data/buildings/Boucherie.png" />
<Unit filename="data/buildings/Boulangerie.png" />
<Unit filename="data/buildings/Boutique.png" />
<Unit filename="data/buildings/Carriere" />
<Unit filename="de" />
<Unit filename="pierre.png" />
<Unit filename="data/buildings/Caserne.png" />
<Unit filename="data/buildings/Cidrerie.png" />
<Unit filename="data/buildings/Cordonnerie.png" />
<Unit filename="data/buildings/Ecole" />
<Unit filename="aquavitae.png" />
<Unit filename="data/buildings/Ecole" />
<Unit filename="de" />
<Unit filename="pyromagie.png" />
<Unit filename="data/buildings/Ecurie.png" />
<Unit filename="data/buildings/Eglise.png" />
<Unit filename="data/buildings/Elevage.png" />
<Unit filename="data/buildings/Ferme" />
<Unit filename="d'orge.png" />
<Unit filename="data/buildings/Ferme" />
<Unit filename="de" />
<Unit filename="ble.png" />
<Unit filename="data/buildings/Fonderie.png" />
<Unit filename="data/buildings/Forge" />
<Unit filename="imperiale.png" />
<Unit filename="data/buildings/Forge.png" />
<Unit filename="data/buildings/Ganterie.png" />
<Unit filename="data/buildings/Grange" />
<Unit filename="d'orge.png" />
<Unit filename="data/buildings/Grange" />
<Unit filename="de" />
<Unit filename="ble.png" />
<Unit filename="data/buildings/Guilde" />
<Unit filename="de" />
<Unit filename="l'ordre.png" />
<Unit filename="data/buildings/Guilde" />
<Unit filename="de" />
<Unit filename="magie.png" />
<Unit filename="data/buildings/Guilde" />
<Unit filename="du" />
<Unit filename="chaos.png" />
<Unit filename="data/buildings/Laboratoire" />
<Unit filename="d'elixirs.png" />
<Unit filename="data/buildings/Laboratoire" />
<Unit filename="d'ether.png" />
<Unit filename="data/buildings/Laboratoire.png" />
<Unit filename="data/buildings/Magasin" />
<Unit filename="de" />
<Unit filename="vetements.png" />
<Unit filename="data/buildings/Marche.png" />
<Unit filename="data/buildings/Necropole.png" />
<Unit filename="data/buildings/Nid" />
<Unit filename="de" />
<Unit filename="dragons.png" />
<Unit filename="data/buildings/Orfevrerie.png" />
<Unit filename="data/buildings/Palais.png" />
<Unit filename="data/buildings/Papeterie.png" />
<Unit filename="data/buildings/Parcheminerie.png" />
<Unit filename="data/buildings/Portail" />
<Unit filename="demonique.png" />
<Unit filename="data/buildings/Quartier" />
<Unit filename="general.png" />
<Unit filename="data/buildings/Scierie.png" />
<Unit filename="data/buildings/Tannerie.png" />
<Unit filename="data/buildings/Taverne.png" />
<Unit filename="data/buildings/Tour" />
<Unit filename="de" />
<Unit filename="defense.png" />
<Unit filename="data/buttons.png" />
<Unit filename="data/cfg/Competences_Speciales.ini" />
<Unit filename="data/cfg/Parametres_Batiments.ini" />
<Unit filename="data/cfg/Parametres_CompetencesObjets.ini" />
<Unit filename="data/cfg/Parametres_Effets.ini" />
<Unit filename="data/cfg/Parametres_Objets.ini" />
<Unit filename="data/cfg/Parametres_Projectiles.ini" />
<Unit filename="data/cfg/Parametres_Ressources.ini" />
<Unit filename="data/characters/HumainsF/EVA-Asuka.png" />
<Unit filename="data/characters/HumainsF/EVA-Katsuragi.png" />
<Unit filename="data/characters/HumainsF/EVA-Rei.png" />
<Unit filename="data/characters/HumainsF/FF10-Yuna.png" />
<Unit filename="data/characters/HumainsF/FF6-Celes1.png" />
<Unit filename="data/characters/HumainsF/FF6-Celes2.png" />
<Unit filename="data/characters/HumainsF/FF7-Tifa.png" />
<Unit filename="data/characters/HumainsF/FF8-1.png" />
<Unit filename="data/characters/HumainsF/FF8-2.png" />
<Unit filename="data/characters/HumainsF/FF8-3.png" />
<Unit filename="data/characters/HumainsF/FF8-4.png" />
<Unit filename="data/characters/HumainsF/FF8-5.png" />
<Unit filename="data/characters/HumainsF/FF8-6.png" />
<Unit filename="data/characters/HumainsF/FF8-7.png" />
<Unit filename="data/characters/HumainsF/FF8-8.png" />
<Unit filename="data/characters/HumainsF/FF8-Fujin.png" />
<Unit filename="data/characters/HumainsF/FF8-Ultimecia.png" />
<Unit filename="data/characters/HumainsF/FF9-Beatrix.png" />
<Unit filename="data/characters/HumainsF/FF9-Quina.png" />
<Unit filename="data/characters/HumainsF/HackSign-Mimiru-1.png" />
<Unit filename="data/characters/HumainsF/HackSign-Mimiru-2.png" />
<Unit filename="data/characters/HumainsF/Inuyasha2.png" />
<Unit filename="data/characters/HumainsF/Jennifer.png" />
<Unit filename="data/characters/HumainsF/Kof-4.png" />
<Unit filename="data/characters/HumainsF/Kof-8.png" />
<Unit filename="data/characters/HumainsF/Lina" />
<Unit filename="Inverse.png" />
<Unit filename="data/characters/HumainsF/SF2-Chunli.png" />
<Unit filename="data/characters/HumainsM/Bof4-1.png" />
<Unit filename="data/characters/HumainsM/Cecil.png" />
<Unit filename="data/characters/HumainsM/Chaz.png" />
<Unit filename="data/characters/HumainsM/EVA-Shinji.png" />
<Unit filename="data/characters/HumainsM/FF1.png" />
<Unit filename="data/characters/HumainsM/FF10-Tidus.png" />
<Unit filename="data/characters/HumainsM/FF6-Locke.png" />
<Unit filename="data/characters/HumainsM/FF7-Cloud.png" />
<Unit filename="data/characters/HumainsM/FF7-Sephiroth.png" />
<Unit filename="data/characters/HumainsM/FF7-Vincent.png" />
<Unit filename="data/characters/HumainsM/FF8-Raijin.png" />
<Unit filename="data/characters/HumainsM/FF8-Squall.png" />
<Unit filename="data/characters/HumainsM/FF9-Steiner.png" />
<Unit filename="data/characters/HumainsM/FF9_Garland.png" />
<Unit filename="data/characters/HumainsM/FF9_Kuja.png" />
<Unit filename="data/characters/HumainsM/FFT-Ramza.png" />
<Unit filename="data/characters/HumainsM/Gourry.png" />
<Unit filename="data/characters/HumainsM/HackSign-Tsukasa-1.png" />
<Unit filename="data/characters/HumainsM/HackSign-Tsukasa-2.png" />
<Unit filename="data/characters/HumainsM/Kenshin.png" />
<Unit filename="data/characters/HumainsM/Kof-1.png" />
<Unit filename="data/characters/HumainsM/Kof-2.png" />
<Unit filename="data/characters/HumainsM/Kof-3.png" />
<Unit filename="data/characters/HumainsM/Kof-5.png" />
<Unit filename="data/characters/HumainsM/Kof-6.png" />
<Unit filename="data/characters/HumainsM/Kof-7.png" />
<Unit filename="data/characters/HumainsM/Kosta.png" />
<Unit filename="data/characters/HumainsM/Musashi1.png" />
<Unit filename="data/characters/default.png" />
<Unit filename="data/cursors.png" />
<Unit filename="data/events/Bonus.png" />
<Unit filename="data/events/Brasier.png" />
<Unit filename="data/events/Cercle" />
<Unit filename="bleu.png" />
<Unit filename="data/events/Choc.png" />
<Unit filename="data/events/Colonne" />
<Unit filename="de" />
<Unit filename="feu.png" />
<Unit filename="data/events/Coup" />
<Unit filename="de" />
<Unit filename="griffes.png" />
<Unit filename="data/events/Coup" />
<Unit filename="de" />
<Unit filename="hache.png" />
<Unit filename="data/events/Coup" />
<Unit filename="de" />
<Unit filename="hache2.png" />
<Unit filename="data/events/Coup" />
<Unit filename="simple.png" />
<Unit filename="data/events/Courrier.png" />
<Unit filename="data/events/Crane.png" />
<Unit filename="data/events/Depense.png" />
<Unit filename="data/events/Destruction.png" />
<Unit filename="data/events/Devorer.png" />
<Unit filename="data/events/Eclair.png" />
<Unit filename="data/events/Eclat" />
<Unit filename="de" />
<Unit filename="glace.png" />
<Unit filename="data/events/Effet" />
<Unit filename="celerite.png" />
<Unit filename="data/events/Etincelles" />
<Unit filename="vertes.png" />
<Unit filename="data/events/Explosion" />
<Unit filename="2.png" />
<Unit filename="data/events/Explosion" />
<Unit filename="3.png" />
<Unit filename="data/events/Explosion" />
<Unit filename="4.png" />
<Unit filename="data/events/Explosion.png" />
<Unit filename="data/events/Flamerole.png" />
<Unit filename="data/events/Flamme.png" />
<Unit filename="data/events/Gain" />
<Unit filename="d'argent.png" />
<Unit filename="data/events/Gaz" />
<Unit filename="empoisonne.png" />
<Unit filename="data/events/Generation.png" />
<Unit filename="data/events/Grands" />
<Unit filename="coups" />
<Unit filename="de" />
<Unit filename="griffes.png" />
<Unit filename="data/events/Guerison.png" />
<Unit filename="data/events/Horloge.png" />
<Unit filename="data/events/Horloge2.png" />
<Unit filename="data/events/Jet" />
<Unit filename="de" />
<Unit filename="flammes.png" />
<Unit filename="data/events/Lame" />
<Unit filename="pure.png" />
<Unit filename="data/events/Lame.png" />
<Unit filename="data/events/Mur" />
<Unit filename="de" />
<Unit filename="feu.png" />
<Unit filename="data/events/Musique.png" />
<Unit filename="data/events/Pierres.png" />
<Unit filename="data/events/Pointe.png" />
<Unit filename="data/events/Resurrection.png" />
<Unit filename="data/events/Sphere" />
<Unit filename="noire.png" />
<Unit filename="data/events/Sphere.png" />
<Unit filename="data/events/Sphere2.png" />
<Unit filename="data/events/Tenebres.png" />
<Unit filename="data/events/Tir.png" />
<Unit filename="data/events/Tornade.png" />
<Unit filename="data/items.png" />
<Unit filename="data/lands.png" />
<Unit filename="data/materials.png" />
<Unit filename="data/menu.png" />
<Unit filename="data/menubutton.png" />
<Unit filename="data/mines.png" />
<Unit filename="data/mini.png" />
<Unit filename="data/orders.png" />
<Unit filename="data/projectiles/Balle.png" />
<Unit filename="data/projectiles/Boule" />
<Unit filename="de" />
<Unit filename="feu.png" />
<Unit filename="data/projectiles/Boulet" />
<Unit filename="de" />
<Unit filename="canon.png" />
<Unit filename="data/projectiles/Fleche.png" />
<Unit filename="data/projectiles/Hache.png" />
<Unit filename="data/projectiles/Orbe" />
<Unit filename="de" />
<Unit filename="givre.png" />
<Unit filename="data/projectiles/Pierre.png" />
<Unit filename="data/sounds/013-Move01.wav" />
<Unit filename="data/sounds/015-Jump01.wav" />
<Unit filename="data/sounds/018-Teleport01.wav" />
<Unit filename="data/sounds/020-Teleport03.wav" />
<Unit filename="data/sounds/032-Switch01.wav" />
<Unit filename="data/sounds/051-Explosion04.wav" />
<Unit filename="data/sounds/053-Cannon02.wav" />
<Unit filename="data/sounds/054-Cannon03.wav" />
<Unit filename="data/sounds/055-Right01.wav" />
<Unit filename="data/sounds/059-Applause01.wav" />
<Unit filename="data/sounds/067-Animal02.wav" />
<Unit filename="data/sounds/079-Monster01.wav" />
<Unit filename="data/sounds/089-Attack01.wav" />
<Unit filename="data/sounds/093-Attack05.wav" />
<Unit filename="data/sounds/094-Attack06.wav" />
<Unit filename="data/sounds/095-Attack07.wav" />
<Unit filename="data/sounds/098-Attack10.wav" />
<Unit filename="data/sounds/099-Attack11.wav" />
<Unit filename="data/sounds/101-Attack13.wav" />
<Unit filename="data/sounds/102-Attack14.wav" />
<Unit filename="data/sounds/105-Heal01.wav" />
<Unit filename="data/sounds/108-Heal04.wav" />
<Unit filename="data/sounds/114-Remedy02.wav" />
<Unit filename="data/sounds/116-Raise02.wav" />
<Unit filename="data/sounds/117-Fire01.wav" />
<Unit filename="data/sounds/118-Fire02.wav" />
<Unit filename="data/sounds/119-Fire03.wav" />
<Unit filename="data/sounds/120-Ice01.wav" />
<Unit filename="data/sounds/123-Thunder01.wav" />
<Unit filename="data/sounds/129-Earth01.wav" />
<Unit filename="data/sounds/132-Wind01.wav" />
<Unit filename="data/sounds/136-Light02.wav" />
<Unit filename="data/sounds/139-Darkness02.wav" />
<Unit filename="data/sounds/140-Darkness03.wav" />
<Unit filename="data/sounds/141-Burst01.wav" />
<Unit filename="data/sounds/142-Burst02.wav" />
<Unit filename="data/sounds/162-Skill06.wav" />
<Unit filename="data/sounds/163-Skill07.wav" />
<Unit filename="data/sounds/174-Skill18.wav" />
<Unit filename="data/sounds/Bite.wav" />
<Unit filename="data/sounds/Cold5.wav" />
<Unit filename="data/sounds/Explosion1.wav" />
<Unit filename="data/sounds/Explosion7.wav" />
<Unit filename="data/sounds/Sons.txt" />
<Unit filename="data/subwindow.png" />
<Unit filename="debug.bat" />
<Unit filename="gencbp.sh" />
<Unit filename="release.sh" />
<Unit filename="src/LICENCE" />
<Unit filename="src/Makefile" />
<Unit filename="src/ai.c" />
<Unit filename="src/ai.h" />
<Unit filename="src/assets.c" />
<Unit filename="src/assets.h" />
<Unit filename="src/file.c" />
<Unit filename="src/file.h" />
<Unit filename="src/game.c" />
<Unit filename="src/game.h" />
<Unit filename="src/graphics.c" />
<Unit filename="src/graphics.h" />
<Unit filename="src/header" />
<Unit filename="src/main.c" />
<Unit filename="src/math.h" />
<Unit filename="src/mem.c" />
<Unit filename="src/mem.h" />
<Unit filename="src/menu.c" />
<Unit filename="src/menu.h" />
<Unit filename="src/overlay/build.c" />
<Unit filename="src/overlay/build.h" />
<Unit filename="src/overlay/overlay.c" />
<Unit filename="src/overlay/overlay.h" />
<Unit filename="src/overlay/subwindow.c" />
<Unit filename="src/overlay/subwindow.h" />
<Unit filename="src/overlay/swbuilding.c" />
<Unit filename="src/overlay/swbuilding.h" />
<Unit filename="src/overlay/swequipment.c" />
<Unit filename="src/overlay/swequipment.h" />
<Unit filename="src/overlay/switems.c" />
<Unit filename="src/overlay/switems.h" />
<Unit filename="src/overlay/swmaterials.c" />
<Unit filename="src/overlay/swmaterials.h" />
<Unit filename="src/overlay/swskills.c" />
<Unit filename="src/overlay/swskills.h" />
<Unit filename="src/rand.h" />
<Unit filename="src/settings.h" />
<Unit filename="src/string.c" />
<Unit filename="src/string.h" />
<Unit filename="src/universe/building.c" />
<Unit filename="src/universe/building.h" />
<Unit filename="src/universe/category.c" />
<Unit filename="src/universe/category.h" />
<Unit filename="src/universe/character.c" />
<Unit filename="src/universe/character.h" />
<Unit filename="src/universe/effect.c" />
<Unit filename="src/universe/effect.h" />
<Unit filename="src/universe/equipment.c" />
<Unit filename="src/universe/equipment.h" />
<Unit filename="src/universe/event.c" />
<Unit filename="src/universe/event.h" />
<Unit filename="src/universe/ini.c" />
<Unit filename="src/universe/ini.h" />
<Unit filename="src/universe/item.c" />
<Unit filename="src/universe/item.h" />
<Unit filename="src/universe/material.c" />
<Unit filename="src/universe/material.h" />
<Unit filename="src/universe/mine.c" />
<Unit filename="src/universe/mine.h" />
<Unit filename="src/universe/projectile.c" />
<Unit filename="src/universe/projectile.h" />
<Unit filename="src/universe/skill.c" />
<Unit filename="src/universe/skill.h" />
<Unit filename="src/universe/status.c" />
<Unit filename="src/universe/status.h" />
<Unit filename="src/universe/transform.c" />
<Unit filename="src/universe/transform.h" />
<Unit filename="src/universe/universe.c" />
<Unit filename="src/universe/universe.h" />
<Unit filename="src/vendetta.cbp" />
<Unit filename="src/version.h" />
<Unit filename="src/voronoi/binbeach.c" />
<Unit filename="src/voronoi/binbeach.h" />
<Unit filename="src/voronoi/geometry.c" />
<Unit filename="src/voronoi/geometry.h" />
<Unit filename="src/voronoi/heap.c" />
<Unit filename="src/voronoi/heap.h" />
<Unit filename="src/voronoi/lloyd.c" />
<Unit filename="src/voronoi/lloyd.h" />
<Unit filename="src/voronoi/qsort_r.c" />
<Unit filename="src/voronoi/qsort_r.h" />
<Unit filename="src/voronoi/utils.h" />
<Unit filename="src/voronoi/voronoi.c" />
<Unit filename="src/voronoi/voronoi.h" />
<Unit filename="src/widgets.c" />
<Unit filename="src/widgets.h" />
<Unit filename="src/world/building.c" />
<Unit filename="src/world/building.h" />
<Unit filename="src/world/character.c" />
<Unit filename="src/world/character.h" />
<Unit filename="src/world/character_round.c" />
<Unit filename="src/world/chunk.c" />
<Unit filename="src/world/chunk.h" />
<Unit filename="src/world/draw.c" />
<Unit filename="src/world/draw.h" />
<Unit filename="src/world/event.c" />
<Unit filename="src/world/event.h" />
<Unit filename="src/world/inventory.c" />
<Unit filename="src/world/inventory.h" />
<Unit filename="src/world/mine.c" />
<Unit filename="src/world/mine.h" />
<Unit filename="src/world/object.c" />
<Unit filename="src/world/object.h" />
<Unit filename="src/world/pool.c" />
<Unit filename="src/world/pool.h" />
<Unit filename="src/world/projectile.c" />
<Unit filename="src/world/projectile.h" />
<Unit filename="src/world/skill.h" />
<Unit filename="src/world/status.h" />
<Unit filename="src/world/world.c" />
<Unit filename="src/world/world.h" />
<Unit filename="src/world/world_gen.c" />
<Unit filename="src/world/world_save.c" />
<Unit filename="start.sh" />

</Project>
</CodeBlocks_project_file>
